
Microsoft Visual Studio Solution File, Format Version 12.00
# Visual Studio Version 17
VisualStudioVersion = 17.13.35806.99
MinimumVisualStudioVersion = 10.0.40219.1
Project("{FAE04EC0-301F-11D3-BF4B-00C04F79EFBC}") = "TravelManagementSystem.API", "TravelManagementSystem.API\TravelManagementSystem.API.csproj", "{7DFF0CBE-D8A3-4430-999C-CE8AF38207AF}"
EndProject
Project("{FAE04EC0-301F-11D3-BF4B-00C04F79EFBC}") = "TravelManagementSystem.Application", "TravelManagementSystem.Application\TravelManagementSystem.Application.csproj", "{D167A345-67D2-4C1D-8879-3843C594B931}"
EndProject
Project("{FAE04EC0-301F-11D3-BF4B-00C04F79EFBC}") = "TravelManagementSystem.Domain", "TravelManagementSystem.Domain\TravelManagementSystem.Domain.csproj", "{2157E1F1-5E8D-486A-818A-1D660172749A}"
EndProject
Project("{FAE04EC0-301F-11D3-BF4B-00C04F79EFBC}") = "TravelManagementSystem.Infrastructure", "TravelManagementSystem.Infrastructure\TravelManagementSystem.Infrastructure.csproj", "{B964AB32-ACD1-4831-9B80-299F1F94F50B}"
EndProject
Project("{FAE04EC0-301F-11D3-BF4B-00C04F79EFBC}") = "TravelManagementSystem.Shared", "TravelManagementSystem.Shared\TravelManagementSystem.Shared.csproj", "{DD3AE52A-2EA3-4286-98CA-7EF8CF6FC42A}"
EndProject
Project("{FAE04EC0-301F-11D3-BF4B-00C04F79EFBC}") = "TravelManagementSystem.MVC", "TravelManagementSystem.MVC\TravelManagementSystem.MVC.csproj", "{F1742AC5-301C-4DF4-82A6-607A4AAF4B02}"
EndProject
Global
	GlobalSection(SolutionConfigurationPlatforms) = preSolution
		Debug|Any CPU = Debug|Any CPU
		Release|Any CPU = Release|Any CPU
	EndGlobalSection
	GlobalSection(ProjectConfigurationPlatforms) = postSolution
		{7DFF0CBE-D8A3-4430-999C-CE8AF38207AF}.Debug|Any CPU.ActiveCfg = Debug|Any CPU
		{7DFF0CBE-D8A3-4430-999C-CE8AF38207AF}.Debug|Any CPU.Build.0 = Debug|Any CPU
		{7DFF0CBE-D8A3-4430-999C-CE8AF38207AF}.Release|Any CPU.ActiveCfg = Release|Any CPU
		{7DFF0CBE-D8A3-4430-999C-CE8AF38207AF}.Release|Any CPU.Build.0 = Release|Any CPU
		{D167A345-67D2-4C1D-8879-3843C594B931}.Debug|Any CPU.ActiveCfg = Debug|Any CPU
		{D167A345-67D2-4C1D-8879-3843C594B931}.Debug|Any CPU.Build.0 = Debug|Any CPU
		{D167A345-67D2-4C1D-8879-3843C594B931}.Release|Any CPU.ActiveCfg = Release|Any CPU
		{D167A345-67D2-4C1D-8879-3843C594B931}.Release|Any CPU.Build.0 = Release|Any CPU
		{2157E1F1-5E8D-486A-818A-1D660172749A}.Debug|Any CPU.ActiveCfg = Debug|Any CPU
		{2157E1F1-5E8D-486A-818A-1D660172749A}.Debug|Any CPU.Build.0 = Debug|Any CPU
		{2157E1F1-5E8D-486A-818A-1D660172749A}.Release|Any CPU.ActiveCfg = Release|Any CPU
		{2157E1F1-5E8D-486A-818A-1D660172749A}.Release|Any CPU.Build.0 = Release|Any CPU
		{B964AB32-ACD1-4831-9B80-299F1F94F50B}.Debug|Any CPU.ActiveCfg = Debug|Any CPU
		{B964AB32-ACD1-4831-9B80-299F1F94F50B}.Debug|Any CPU.Build.0 = Debug|Any CPU
		{B964AB32-ACD1-4831-9B80-299F1F94F50B}.Release|Any CPU.ActiveCfg = Release|Any CPU
		{B964AB32-ACD1-4831-9B80-299F1F94F50B}.Release|Any CPU.Build.0 = Release|Any CPU
		{DD3AE52A-2EA3-4286-98CA-7EF8CF6FC42A}.Debug|Any CPU.ActiveCfg = Debug|Any CPU
		{DD3AE52A-2EA3-4286-98CA-7EF8CF6FC42A}.Debug|Any CPU.Build.0 = Debug|Any CPU
		{DD3AE52A-2EA3-4286-98CA-7EF8CF6FC42A}.Release|Any CPU.ActiveCfg = Release|Any CPU
		{DD3AE52A-2EA3-4286-98CA-7EF8CF6FC42A}.Release|Any CPU.Build.0 = Release|Any CPU
		{F1742AC5-301C-4DF4-82A6-607A4AAF4B02}.Debug|Any CPU.ActiveCfg = Debug|Any CPU
		{F1742AC5-301C-4DF4-82A6-607A4AAF4B02}.Debug|Any CPU.Build.0 = Debug|Any CPU
		{F1742AC5-301C-4DF4-82A6-607A4AAF4B02}.Release|Any CPU.ActiveCfg = Release|Any CPU
		{F1742AC5-301C-4DF4-82A6-607A4AAF4B02}.Release|Any CPU.Build.0 = Release|Any CPU
	EndGlobalSection
	GlobalSection(SolutionProperties) = preSolution
		HideSolutionNode = FALSE
	EndGlobalSection
	GlobalSection(ExtensibilityGlobals) = postSolution
		SolutionGuid = {2B06AAA0-7315-4027-A918-463074A16810}
	EndGlobalSection
EndGlobal
